
Microsoft Visual Studio Solution File, Format Version 12.00
# Visual Studio Version 17
VisualStudioVersion = 17.5.002.0
MinimumVisualStudioVersion = 10.0.40219.1
Project("{9A19103F-16F7-4668-BE54-9A1E7A4F7556}") = "CowPress.GenerateContent", "CowPress.GenerateContent.csproj", "{42D700BC-A2B5-4E78-A6CA-D85A29A61063}"
EndProject
Global
	GlobalSection(SolutionConfigurationPlatforms) = preSolution
		Debug|Any CPU = Debug|Any CPU
		Release|Any CPU = Release|Any CPU
	EndGlobalSection
	GlobalSection(ProjectConfigurationPlatforms) = postSolution
		{42D700BC-A2B5-4E78-A6CA-D85A29A61063}.Debug|Any CPU.ActiveCfg = Debug|Any CPU
		{42D700BC-A2B5-4E78-A6CA-D85A29A61063}.Debug|Any CPU.Build.0 = Debug|Any CPU
		{42D700BC-A2B5-4E78-A6CA-D85A29A61063}.Release|Any CPU.ActiveCfg = Release|Any CPU
		{42D700BC-A2B5-4E78-A6CA-D85A29A61063}.Release|Any CPU.Build.0 = Release|Any CPU
	EndGlobalSection
	GlobalSection(SolutionProperties) = preSolution
		HideSolutionNode = FALSE
	EndGlobalSection
	GlobalSection(ExtensibilityGlobals) = postSolution
		SolutionGuid = {CFBDBC9F-A46C-4783-931B-D73FD935A9C5}
	EndGlobalSection
EndGlobal
